{
  "pins" : [
    {
      "identity" : "sharedkit",
      "kind" : "remoteSourceControl",
      "location" : "https://github.com/nathanborror/SharedKit",
      "state" : {
        "branch" : "main",
        "revision" : "65a295118f6e60f82f7a15832133f9acba8eccc1"
      }
    },
    {
      "identity" : "swift-anthropic",
      "kind" : "remoteSourceControl",
      "location" : "https://github.com/nathanborror/swift-anthropic",
      "state" : {
        "branch" : "main",
        "revision" : "13d7436bd51e49346fb5bedb94d8fd5bb13ebf6e"
      }
    },
    {
      "identity" : "swift-argument-parser",
      "kind" : "remoteSourceControl",
      "location" : "https://github.com/apple/swift-argument-parser",
      "state" : {
        "branch" : "main",
        "revision" : "6c7ec363da47357aaf1f2f423d30117ff077f696"
      }
    },
    {
      "identity" : "swift-mistral",
      "kind" : "remoteSourceControl",
      "location" : "https://github.com/nathanborror/swift-mistral",
      "state" : {
        "branch" : "main",
        "revision" : "0cde85848c29bb597e166a13c17a624bd8dc6243"
      }
    },
    {
      "identity" : "swift-ollama",
      "kind" : "remoteSourceControl",
      "location" : "https://github.com/nathanborror/swift-ollama",
      "state" : {
        "branch" : "main",
        "revision" : "2afb0f95214d2b9002776a43e11c69c4ba3d7f07"
      }
    },
    {
      "identity" : "swift-openai",
      "kind" : "remoteSourceControl",
      "location" : "https://github.com/nathanborror/swift-openai",
      "state" : {
        "branch" : "main",
        "revision" : "600cf88e5e4876f41903333d7dea6ce8159bd7b7"
      }
    },
    {
      "identity" : "swift-perplexity",
      "kind" : "remoteSourceControl",
      "location" : "https://github.com/nathanborror/swift-perplexity",
      "state" : {
        "branch" : "main",
        "revision" : "98ecc78f202dcaaadfc9052767df1a67b684272d"
      }
    }
  ],
  "version" : 2
}
