{
  "pins" : [
    {
      "identity" : "swift-anthropic",
      "kind" : "remoteSourceControl",
      "location" : "https://github.com/nathanborror/swift-anthropic",
      "state" : {
        "branch" : "main",
        "revision" : "83433823c01677a18b667a71c9e0ef5be6ddc80a"
      }
    },
    {
      "identity" : "swift-argument-parser",
      "kind" : "remoteSourceControl",
      "location" : "https://github.com/apple/swift-argument-parser",
      "state" : {
        "branch" : "main",
        "revision" : "d6836f4508b0a6a3c7f5e9db614a031db914cacd"
      }
    },
    {
      "identity" : "swift-elevenlabs",
      "kind" : "remoteSourceControl",
      "location" : "https://github.com/nathanborror/swift-elevenlabs",
      "state" : {
        "branch" : "main",
        "revision" : "472f0ce330e54864144250436c0f78e8897d7b43"
      }
    },
    {
      "identity" : "swift-fal",
      "kind" : "remoteSourceControl",
      "location" : "https://github.com/nathanborror/swift-fal",
      "state" : {
        "branch" : "main",
        "revision" : "bb6ebada9c54294b7e1e63457084dadcd198cffe"
      }
    },
    {
      "identity" : "swift-google-gen",
      "kind" : "remoteSourceControl",
      "location" : "https://github.com/nathanborror/swift-google-gen",
      "state" : {
        "branch" : "main",
        "revision" : "4f9bcf32ef848b699f2d76b7978c9c4b56e42619"
      }
    },
    {
      "identity" : "swift-mistral",
      "kind" : "remoteSourceControl",
      "location" : "https://github.com/nathanborror/swift-mistral",
      "state" : {
        "branch" : "main",
        "revision" : "b684e503b4b4642d485be9b1c6131093ccd7f46d"
      }
    },
    {
      "identity" : "swift-ollama",
      "kind" : "remoteSourceControl",
      "location" : "https://github.com/nathanborror/swift-ollama",
      "state" : {
        "branch" : "main",
        "revision" : "0a9ce934d10316e503e5fcfff1d8d6e98d2cfd83"
      }
    },
    {
      "identity" : "swift-openai",
      "kind" : "remoteSourceControl",
      "location" : "https://github.com/nathanborror/swift-openai",
      "state" : {
        "branch" : "main",
        "revision" : "d9fcd32777cb3547873087df3ee2331c48812885"
      }
    },
    {
      "identity" : "swift-perplexity",
      "kind" : "remoteSourceControl",
      "location" : "https://github.com/nathanborror/swift-perplexity",
      "state" : {
        "branch" : "main",
        "revision" : "7c16384e287f940133619ffdbda8c5a369d1ad37"
      }
    },
    {
      "identity" : "swift-shared-kit",
      "kind" : "remoteSourceControl",
      "location" : "https://github.com/nathanborror/swift-shared-kit",
      "state" : {
        "branch" : "main",
        "revision" : "7a0ef4690938ace2579d222fa5da7ea7f2c4c56e"
      }
    }
  ],
  "version" : 2
}
